
Microsoft Visual Studio Solution File, Format Version 12.00
# Visual Studio Version 17
VisualStudioVersion = 17.11.35312.102
MinimumVisualStudioVersion = 10.0.40219.1
Project("{FAE04EC0-301F-11D3-BF4B-00C04F79EFBC}") = "SocketServer", "SocketServer\SocketServer.csproj", "{C6C373FE-44CF-4514-96F1-6BFF8BD691B6}"
EndProject
Project("{FAE04EC0-301F-11D3-BF4B-00C04F79EFBC}") = "SocketClient", "SocketClient\SocketClient.csproj", "{F81BCA20-2EE3-4D88-97C9-6037CC9045B9}"
EndProject
Global
	GlobalSection(SolutionConfigurationPlatforms) = preSolution
		Debug|Any CPU = Debug|Any CPU
		Release|Any CPU = Release|Any CPU
	EndGlobalSection
	GlobalSection(ProjectConfigurationPlatforms) = postSolution
		{C6C373FE-44CF-4514-96F1-6BFF8BD691B6}.Debug|Any CPU.ActiveCfg = Debug|Any CPU
		{C6C373FE-44CF-4514-96F1-6BFF8BD691B6}.Debug|Any CPU.Build.0 = Debug|Any CPU
		{C6C373FE-44CF-4514-96F1-6BFF8BD691B6}.Release|Any CPU.ActiveCfg = Release|Any CPU
		{C6C373FE-44CF-4514-96F1-6BFF8BD691B6}.Release|Any CPU.Build.0 = Release|Any CPU
		{F81BCA20-2EE3-4D88-97C9-6037CC9045B9}.Debug|Any CPU.ActiveCfg = Debug|Any CPU
		{F81BCA20-2EE3-4D88-97C9-6037CC9045B9}.Debug|Any CPU.Build.0 = Debug|Any CPU
		{F81BCA20-2EE3-4D88-97C9-6037CC9045B9}.Release|Any CPU.ActiveCfg = Release|Any CPU
		{F81BCA20-2EE3-4D88-97C9-6037CC9045B9}.Release|Any CPU.Build.0 = Release|Any CPU
	EndGlobalSection
	GlobalSection(SolutionProperties) = preSolution
		HideSolutionNode = FALSE
	EndGlobalSection
	GlobalSection(ExtensibilityGlobals) = postSolution
		SolutionGuid = {068B521F-08CF-4985-950E-6E7CD4D7DDC4}
	EndGlobalSection
EndGlobal
